// !$*UTF8*$!
{
	archiveVersion = 1;
	classes = {
	};
	objectVersion = 46;
	objects = {

/* Begin PBXBuildFile section */
		55AAF3C01BD1FCF400DE5E32 /* main.m in Sources */ = {isa = PBXBuildFile; fileRef = 55AAF3BF1BD1FCF400DE5E32 /* main.m */; };
		55AAF3C31BD1FCF400DE5E32 /* AppDelegate.m in Sources */ = {isa = PBXBuildFile; fileRef = 55AAF3C21BD1FCF400DE5E32 /* AppDelegate.m */; };
		55AAF3C61BD1FCF400DE5E32 /* ViewController.m in Sources */ = {isa = PBXBuildFile; fileRef = 55AAF3C51BD1FCF400DE5E32 /* ViewController.m */; };
		55AAF3C91BD1FCF400DE5E32 /* Main.storyboard in Resources */ = {isa = PBXBuildFile; fileRef = 55AAF3C71BD1FCF400DE5E32 /* Main.storyboard */; };
		55AAF3CB1BD1FCF400DE5E32 /* Assets.xcassets in Resources */ = {isa = PBXBuildFile; fileRef = 55AAF3CA1BD1FCF400DE5E32 /* Assets.xcassets */; };
		55AAF3CE1BD1FCF400DE5E32 /* LaunchScreen.storyboard in Resources */ = {isa = PBXBuildFile; fileRef = 55AAF3CC1BD1FCF400DE5E32 /* LaunchScreen.storyboard */; };
		55AAF3D91BD1FCF400DE5E32 /* TimeListenerDEMOTests.m in Sources */ = {isa = PBXBuildFile; fileRef = 55AAF3D81BD1FCF400DE5E32 /* TimeListenerDEMOTests.m */; };
		55AAF3E41BD1FCF400DE5E32 /* TimeListenerDEMOUITests.m in Sources */ = {isa = PBXBuildFile; fileRef = 55AAF3E31BD1FCF400DE5E32 /* TimeListenerDEMOUITests.m */; };
/* End PBXBuildFile section */

/* Begin PBXContainerItemProxy section */
		55AAF3D51BD1FCF400DE5E32 /* PBXContainerItemProxy */ = {
			isa = PBXContainerItemProxy;
			containerPortal = 55AAF3B31BD1FCF400DE5E32 /* Project object */;
			proxyType = 1;
			remoteGlobalIDString = 55AAF3BA1BD1FCF400DE5E32;
			remoteInfo = TimeListenerDEMO;
		};
		55AAF3E01BD1FCF400DE5E32 /* PBXContainerItemProxy */ = {
			isa = PBXContainerItemProxy;
			containerPortal = 55AAF3B31BD1FCF400DE5E32 /* Project object */;
			proxyType = 1;
			remoteGlobalIDString = 55AAF3BA1BD1FCF400DE5E32;
			remoteInfo = TimeListenerDEMO;
		};
/* End PBXContainerItemProxy section */

/* Begin PBXFileReference section */
		55AAF3BB1BD1FCF400DE5E32 /* TimeListenerDEMO.app */ = {isa = PBXFileReference; explicitFileType = wrapper.application; includeInIndex = 0; path = TimeListenerDEMO.app; sourceTree = BUILT_PRODUCTS_DIR; };
		55AAF3BF1BD1FCF400DE5E32 /* main.m */ = {isa = PBXFileReference; lastKnownFileType = sourcecode.c.objc; path = main.m; sourceTree = "<group>"; };
		55AAF3C11BD1FCF400DE5E32 /* AppDelegate.h */ = {isa = PBXFileReference; lastKnownFileType = sourcecode.c.h; path = AppDelegate.h; sourceTree = "<group>"; };
		55AAF3C21BD1FCF400DE5E32 /* AppDelegate.m */ = {isa = PBXFileReference; lastKnownFileType = sourcecode.c.objc; path = AppDelegate.m; sourceTree = "<group>"; };
		55AAF3C41BD1FCF400DE5E32 /* ViewController.h */ = {isa = PBXFileReference; lastKnownFileType = sourcecode.c.h; path = ViewController.h; sourceTree = "<group>"; };
		55AAF3C51BD1FCF400DE5E32 /* ViewController.m */ = {isa = PBXFileReference; lastKnownFileType = sourcecode.c.objc; path = ViewController.m; sourceTree = "<group>"; };
		55AAF3C81BD1FCF400DE5E32 /* Base */ = {isa = PBXFileReference; lastKnownFileType = file.storyboard; name = Base; path = Base.lproj/Main.storyboard; sourceTree = "<group>"; };
		55AAF3CA1BD1FCF400DE5E32 /* Assets.xcassets */ = {isa = PBXFileReference; lastKnownFileType = folder.assetcatalog; path = Assets.xcassets; sourceTree = "<group>"; };
		55AAF3CD1BD1FCF400DE5E32 /* Base */ = {isa = PBXFileReference; lastKnownFileType = file.storyboard; name = Base; path = Base.lproj/LaunchScreen.storyboard; sourceTree = "<group>"; };
		55AAF3CF1BD1FCF400DE5E32 /* Info.plist */ = {isa = PBXFileReference; lastKnownFileType = text.plist.xml; path = Info.plist; sourceTree = "<group>"; };
		55AAF3D41BD1FCF400DE5E32 /* TimeListenerDEMOTests.xctest */ = {isa = PBXFileReference; explicitFileType = wrapper.cfbundle; includeInIndex = 0; path = TimeListenerDEMOTests.xctest; sourceTree = BUILT_PRODUCTS_DIR; };
		55AAF3D81BD1FCF400DE5E32 /* TimeListenerDEMOTests.m */ = {isa = PBXFileReference; lastKnownFileType = sourcecode.c.objc; path = TimeListenerDEMOTests.m; sourceTree = "<group>"; };
		55AAF3DA1BD1FCF400DE5E32 /* Info.plist */ = {isa = PBXFileReference; lastKnownFileType = text.plist.xml; path = Info.plist; sourceTree = "<group>"; };
		55AAF3DF1BD1FCF400DE5E32 /* TimeListenerDEMOUITests.xctest */ = {isa = PBXFileReference; explicitFileType = wrapper.cfbundle; includeInIndex = 0; path = TimeListenerDEMOUITests.xctest; sourceTree = BUILT_PRODUCTS_DIR; };
		55AAF3E31BD1FCF400DE5E32 /* TimeListenerDEMOUITests.m */ = {isa = PBXFileReference; lastKnownFileType = sourcecode.c.objc; path = TimeListenerDEMOUITests.m; sourceTree = "<group>"; };
		55AAF3E51BD1FCF400DE5E32 /* Info.plist */ = {isa = PBXFileReference; lastKnownFileType = text.plist.xml; path = Info.plist; sourceTree = "<group>"; };
/* End PBXFileReference section */

/* Begin PBXFrameworksBuildPhase section */
		55AAF3B81BD1FCF400DE5E32 /* Frameworks */ = {
			isa = PBXFrameworksBuildPhase;
			buildActionMask = 2147483647;
			files = (
			);
			runOnlyForDeploymentPostprocessing = 0;
		};
		55AAF3D11BD1FCF400DE5E32 /* Frameworks */ = {
			isa = PBXFrameworksBuildPhase;
			buildActionMask = 2147483647;
			files = (
			);
			runOnlyForDeploymentPostprocessing = 0;
		};
		55AAF3DC1BD1FCF400DE5E32 /* Frameworks */ = {
			isa = PBXFrameworksBuildPhase;
			buildActionMask = 2147483647;
			files = (
			);
			runOnlyForDeploymentPostprocessing = 0;
		};
/* End PBXFrameworksBuildPhase section */

/* Begin PBXGroup section */
		55AAF3B21BD1FCF400DE5E32 = {
			isa = PBXGroup;
			children = (
				55AAF3BD1BD1FCF400DE5E32 /* TimeListenerDEMO */,
				55AAF3D71BD1FCF400DE5E32 /* TimeListenerDEMOTests */,
				55AAF3E21BD1FCF400DE5E32 /* TimeListenerDEMOUITests */,
				55AAF3BC1BD1FCF400DE5E32 /* Products */,
			);
			sourceTree = "<group>";
		};
		55AAF3BC1BD1FCF400DE5E32 /* Products */ = {
			isa = PBXGroup;
			children = (
				55AAF3BB1BD1FCF400DE5E32 /* TimeListenerDEMO.app */,
				55AAF3D41BD1FCF400DE5E32 /* TimeListenerDEMOTests.xctest */,
				55AAF3DF1BD1FCF400DE5E32 /* TimeListenerDEMOUITests.xctest */,
			);
			name = Products;
			sourceTree = "<group>";
		};
		55AAF3BD1BD1FCF400DE5E32 /* TimeListenerDEMO */ = {
			isa = PBXGroup;
			children = (
				55AAF3C11BD1FCF400DE5E32 /* AppDelegate.h */,
				55AAF3C21BD1FCF400DE5E32 /* AppDelegate.m */,
				55AAF3C41BD1FCF400DE5E32 /* ViewController.h */,
				55AAF3C51BD1FCF400DE5E32 /* ViewController.m */,
				55AAF3C71BD1FCF400DE5E32 /* Main.storyboard */,
				55AAF3CA1BD1FCF400DE5E32 /* Assets.xcassets */,
				55AAF3CC1BD1FCF400DE5E32 /* LaunchScreen.storyboard */,
				55AAF3CF1BD1FCF400DE5E32 /* Info.plist */,
				55AAF3BE1BD1FCF400DE5E32 /* Supporting Files */,
			);
			path = TimeListenerDEMO;
			sourceTree = "<group>";
		};
		55AAF3BE1BD1FCF400DE5E32 /* Supporting Files */ = {
			isa = PBXGroup;
			children = (
				55AAF3BF1BD1FCF400DE5E32 /* main.m */,
			);
			name = "Supporting Files";
			sourceTree = "<group>";
		};
		55AAF3D71BD1FCF400DE5E32 /* TimeListenerDEMOTests */ = {
			isa = PBXGroup;
			children = (
				55AAF3D81BD1FCF400DE5E32 /* TimeListenerDEMOTests.m */,
				55AAF3DA1BD1FCF400DE5E32 /* Info.plist */,
			);
			path = TimeListenerDEMOTests;
			sourceTree = "<group>";
		};
		55AAF3E21BD1FCF400DE5E32 /* TimeListenerDEMOUITests */ = {
			isa = PBXGroup;
			children = (
				55AAF3E31BD1FCF400DE5E32 /* TimeListenerDEMOUITests.m */,
				55AAF3E51BD1FCF400DE5E32 /* Info.plist */,
			);
			path = TimeListenerDEMOUITests;
			sourceTree = "<group>";
		};
/* End PBXGroup section */

/* Begin PBXNativeTarget section */
		55AAF3BA1BD1FCF400DE5E32 /* TimeListenerDEMO */ = {
			isa = PBXNativeTarget;
			buildConfigurationList = 55AAF3E81BD1FCF400DE5E32 /* Build configuration list for PBXNativeTarget "TimeListenerDEMO" */;
			buildPhases = (
				55AAF3B71BD1FCF400DE5E32 /* Sources */,
				55AAF3B81BD1FCF400DE5E32 /* Frameworks */,
				55AAF3B91BD1FCF400DE5E32 /* Resources */,
			);
			buildRules = (
			);
			dependencies = (
			);
			name = TimeListenerDEMO;
			productName = TimeListenerDEMO;
			productReference = 55AAF3BB1BD1FCF400DE5E32 /* TimeListenerDEMO.app */;
			productType = "com.apple.product-type.application";
		};
		55AAF3D31BD1FCF400DE5E32 /* TimeListenerDEMOTests */ = {
			isa = PBXNativeTarget;
			buildConfigurationList = 55AAF3EB1BD1FCF400DE5E32 /* Build configuration list for PBXNativeTarget "TimeListenerDEMOTests" */;
			buildPhases = (
				55AAF3D01BD1FCF400DE5E32 /* Sources */,
				55AAF3D11BD1FCF400DE5E32 /* Frameworks */,
				55AAF3D21BD1FCF400DE5E32 /* Resources */,
			);
			buildRules = (
			);
			dependencies = (
				55AAF3D61BD1FCF400DE5E32 /* PBXTargetDependency */,
			);
			name = TimeListenerDEMOTests;
			productName = TimeListenerDEMOTests;
			productReference = 55AAF3D41BD1FCF400DE5E32 /* TimeListenerDEMOTests.xctest */;
			productType = "com.apple.product-type.bundle.unit-test";
		};
		55AAF3DE1BD1FCF400DE5E32 /* TimeListenerDEMOUITests */ = {
			isa = PBXNativeTarget;
			buildConfigurationList = 55AAF3EE1BD1FCF400DE5E32 /* Build configuration list for PBXNativeTarget "TimeListenerDEMOUITests" */;
			buildPhases = (
				55AAF3DB1BD1FCF400DE5E32 /* Sources */,
				55AAF3DC1BD1FCF400DE5E32 /* Frameworks */,
				55AAF3DD1BD1FCF400DE5E32 /* Resources */,
			);
			buildRules = (
			);
			dependencies = (
				55AAF3E11BD1FCF400DE5E32 /* PBXTargetDependency */,
			);
			name = TimeListenerDEMOUITests;
			productName = TimeListenerDEMOUITests;
			productReference = 55AAF3DF1BD1FCF400DE5E32 /* TimeListenerDEMOUITests.xctest */;
			productType = "com.apple.product-type.bundle.ui-testing";
		};
/* End PBXNativeTarget section */

/* Begin PBXProject section */
		55AAF3B31BD1FCF400DE5E32 /* Project object */ = {
			isa = PBXProject;
			attributes = {
				LastUpgradeCheck = 0700;
				ORGANIZATIONNAME = GwakDoyoung;
				TargetAttributes = {
					55AAF3BA1BD1FCF400DE5E32 = {
						CreatedOnToolsVersion = 7.0.1;
					};
					55AAF3D31BD1FCF400DE5E32 = {
						CreatedOnToolsVersion = 7.0.1;
						TestTargetID = 55AAF3BA1BD1FCF400DE5E32;
					};
					55AAF3DE1BD1FCF400DE5E32 = {
						CreatedOnToolsVersion = 7.0.1;
						TestTargetID = 55AAF3BA1BD1FCF400DE5E32;
					};
				};
			};
			buildConfigurationList = 55AAF3B61BD1FCF400DE5E32 /* Build configuration list for PBXProject "TimeListenerDEMO" */;
			compatibilityVersion = "Xcode 3.2";
			developmentRegion = English;
			hasScannedForEncodings = 0;
			knownRegions = (
				en,
				Base,
			);
			mainGroup = 55AAF3B21BD1FCF400DE5E32;
			productRefGroup = 55AAF3BC1BD1FCF400DE5E32 /* Products */;
			projectDirPath = "";
			projectRoot = "";
			targets = (
				55AAF3BA1BD1FCF400DE5E32 /* TimeListenerDEMO */,
				55AAF3D31BD1FCF400DE5E32 /* TimeListenerDEMOTests */,
				55AAF3DE1BD1FCF400DE5E32 /* TimeListenerDEMOUITests */,
			);
		};
/* End PBXProject section */

/* Begin PBXResourcesBuildPhase section */
		55AAF3B91BD1FCF400DE5E32 /* Resources */ = {
			isa = PBXResourcesBuildPhase;
			buildActionMask = 2147483647;
			files = (
				55AAF3CE1BD1FCF400DE5E32 /* LaunchScreen.storyboard in Resources */,
				55AAF3CB1BD1FCF400DE5E32 /* Assets.xcassets in Resources */,
				55AAF3C91BD1FCF400DE5E32 /* Main.storyboard in Resources */,
			);
			runOnlyForDeploymentPostprocessing = 0;
		};
		55AAF3D21BD1FCF400DE5E32 /* Resources */ = {
			isa = PBXResourcesBuildPhase;
			buildActionMask = 2147483647;
			files = (
			);
			runOnlyForDeploymentPostprocessing = 0;
		};
		55AAF3DD1BD1FCF400DE5E32 /* Resources */ = {
			isa = PBXResourcesBuildPhase;
			buildActionMask = 2147483647;
			files = (
			);
			runOnlyForDeploymentPostprocessing = 0;
		};
/* End PBXResourcesBuildPhase section */

/* Begin PBXSourcesBuildPhase section */
		55AAF3B71BD1FCF400DE5E32 /* Sources */ = {
			isa = PBXSourcesBuildPhase;
			buildActionMask = 2147483647;
			files = (
				55AAF3C61BD1FCF400DE5E32 /* ViewController.m in Sources */,
				55AAF3C31BD1FCF400DE5E32 /* AppDelegate.m in Sources */,
				55AAF3C01BD1FCF400DE5E32 /* main.m in Sources */,
			);
			runOnlyForDeploymentPostprocessing = 0;
		};
		55AAF3D01BD1FCF400DE5E32 /* Sources */ = {
			isa = PBXSourcesBuildPhase;
			buildActionMask = 2147483647;
			files = (
				55AAF3D91BD1FCF400DE5E32 /* TimeListenerDEMOTests.m in Sources */,
			);
			runOnlyForDeploymentPostprocessing = 0;
		};
		55AAF3DB1BD1FCF400DE5E32 /* Sources */ = {
			isa = PBXSourcesBuildPhase;
			buildActionMask = 2147483647;
			files = (
				55AAF3E41BD1FCF400DE5E32 /* TimeListenerDEMOUITests.m in Sources */,
			);
			runOnlyForDeploymentPostprocessing = 0;
		};
/* End PBXSourcesBuildPhase section */

/* Begin PBXTargetDependency section */
		55AAF3D61BD1FCF400DE5E32 /* PBXTargetDependency */ = {
			isa = PBXTargetDependency;
			target = 55AAF3BA1BD1FCF400DE5E32 /* TimeListenerDEMO */;
			targetProxy = 55AAF3D51BD1FCF400DE5E32 /* PBXContainerItemProxy */;
		};
		55AAF3E11BD1FCF400DE5E32 /* PBXTargetDependency */ = {
			isa = PBXTargetDependency;
			target = 55AAF3BA1BD1FCF400DE5E32 /* TimeListenerDEMO */;
			targetProxy = 55AAF3E01BD1FCF400DE5E32 /* PBXContainerItemProxy */;
		};
/* End PBXTargetDependency section */

/* Begin PBXVariantGroup section */
		55AAF3C71BD1FCF400DE5E32 /* Main.storyboard */ = {
			isa = PBXVariantGroup;
			children = (
				55AAF3C81BD1FCF400DE5E32 /* Base */,
			);
			name = Main.storyboard;
			sourceTree = "<group>";
		};
		55AAF3CC1BD1FCF400DE5E32 /* LaunchScreen.storyboard */ = {
			isa = PBXVariantGroup;
			children = (
				55AAF3CD1BD1FCF400DE5E32 /* Base */,
			);
			name = LaunchScreen.storyboard;
			sourceTree = "<group>";
		};
/* End PBXVariantGroup section */

/* Begin XCBuildConfiguration section */
		55AAF3E61BD1FCF400DE5E32 /* Debug */ = {
			isa = XCBuildConfiguration;
			buildSettings = {
				ALWAYS_SEARCH_USER_PATHS = NO;
				CLANG_CXX_LANGUAGE_STANDARD = "gnu++0x";
				CLANG_CXX_LIBRARY = "libc++";
				CLANG_ENABLE_MODULES = YES;
				CLANG_ENABLE_OBJC_ARC = YES;
				CLANG_WARN_BOOL_CONVERSION = YES;
				CLANG_WARN_CONSTANT_CONVERSION = YES;
				CLANG_WARN_DIRECT_OBJC_ISA_USAGE = YES_ERROR;
				CLANG_WARN_EMPTY_BODY = YES;
				CLANG_WARN_ENUM_CONVERSION = YES;
				CLANG_WARN_INT_CONVERSION = YES;
				CLANG_WARN_OBJC_ROOT_CLASS = YES_ERROR;
				CLANG_WARN_UNREACHABLE_CODE = YES;
				CLANG_WARN__DUPLICATE_METHOD_MATCH = YES;
				"CODE_SIGN_IDENTITY[sdk=iphoneos*]" = "iPhone Developer";
				COPY_PHASE_STRIP = NO;
				DEBUG_INFORMATION_FORMAT = dwarf;
				ENABLE_STRICT_OBJC_MSGSEND = YES;
				ENABLE_TESTABILITY = YES;
				GCC_C_LANGUAGE_STANDARD = gnu99;
				GCC_DYNAMIC_NO_PIC = NO;
				GCC_NO_COMMON_BLOCKS = YES;
				GCC_OPTIMIZATION_LEVEL = 0;
				GCC_PREPROCESSOR_DEFINITIONS = (
					"DEBUG=1",
					"$(inherited)",
				);
				GCC_WARN_64_TO_32_BIT_CONVERSION = YES;
				GCC_WARN_ABOUT_RETURN_TYPE = YES_ERROR;
				GCC_WARN_UNDECLARED_SELECTOR = YES;
				GCC_WARN_UNINITIALIZED_AUTOS = YES_AGGRESSIVE;
				GCC_WARN_UNUSED_FUNCTION = YES;
				GCC_WARN_UNUSED_VARIABLE = YES;
				IPHONEOS_DEPLOYMENT_TARGET = 9.0;
				MTL_ENABLE_DEBUG_INFO = YES;
				ONLY_ACTIVE_ARCH = YES;
				SDKROOT = iphoneos;
				TARGETED_DEVICE_FAMILY = "1,2";
			};
			name = Debug;
		};
		55AAF3E71BD1FCF400DE5E32 /* Release */ = {
			isa = XCBuildConfiguration;
			buildSettings = {
				ALWAYS_SEARCH_USER_PATHS = NO;
				CLANG_CXX_LANGUAGE_STANDARD = "gnu++0x";
				CLANG_CXX_LIBRARY = "libc++";
				CLANG_ENABLE_MODULES = YES;
				CLANG_ENABLE_OBJC_ARC = YES;
				CLANG_WARN_BOOL_CONVERSION = YES;
				CLANG_WARN_CONSTANT_CONVERSION = YES;
				CLANG_WARN_DIRECT_OBJC_ISA_USAGE = YES_ERROR;
				CLANG_WARN_EMPTY_BODY = YES;
				CLANG_WARN_ENUM_CONVERSION = YES;
				CLANG_WARN_INT_CONVERSION = YES;
				CLANG_WARN_OBJC_ROOT_CLASS = YES_ERROR;
				CLANG_WARN_UNREACHABLE_CODE = YES;
				CLANG_WARN__DUPLICATE_METHOD_MATCH = YES;
				"CODE_SIGN_IDENTITY[sdk=iphoneos*]" = "iPhone Developer";
				COPY_PHASE_STRIP = NO;
				DEBUG_INFORMATION_FORMAT = "dwarf-with-dsym";
				ENABLE_NS_ASSERTIONS = NO;
				ENABLE_STRICT_OBJC_MSGSEND = YES;
				GCC_C_LANGUAGE_STANDARD = gnu99;
				GCC_NO_COMMON_BLOCKS = YES;
				GCC_WARN_64_TO_32_BIT_CONVERSION = YES;
				GCC_WARN_ABOUT_RETURN_TYPE = YES_ERROR;
				GCC_WARN_UNDECLARED_SELECTOR = YES;
				GCC_WARN_UNINITIALIZED_AUTOS = YES_AGGRESSIVE;
				GCC_WARN_UNUSED_FUNCTION = YES;
				GCC_WARN_UNUSED_VARIABLE = YES;
				IPHONEOS_DEPLOYMENT_TARGET = 9.0;
				MTL_ENABLE_DEBUG_INFO = NO;
				SDKROOT = iphoneos;
				TARGETED_DEVICE_FAMILY = "1,2";
				VALIDATE_PRODUCT = YES;
			};
			name = Release;
		};
		55AAF3E91BD1FCF400DE5E32 /* Debug */ = {
			isa = XCBuildConfiguration;
			buildSettings = {
				ASSETCATALOG_COMPILER_APPICON_NAME = AppIcon;
				INFOPLIST_FILE = TimeListenerDEMO/Info.plist;
				LD_RUNPATH_SEARCH_PATHS = "$(inherited) @executable_path/Frameworks";
				PRODUCT_BUNDLE_IDENTIFIER = com.canapio.TimeListenerDEMO;
				PRODUCT_NAME = "$(TARGET_NAME)";
			};
			name = Debug;
		};
		55AAF3EA1BD1FCF400DE5E32 /* Release */ = {
			isa = XCBuildConfiguration;
			buildSettings = {
				ASSETCATALOG_COMPILER_APPICON_NAME = AppIcon;
				INFOPLIST_FILE = TimeListenerDEMO/Info.plist;
				LD_RUNPATH_SEARCH_PATHS = "$(inherited) @executable_path/Frameworks";
				PRODUCT_BUNDLE_IDENTIFIER = com.canapio.TimeListenerDEMO;
				PRODUCT_NAME = "$(TARGET_NAME)";
			};
			name = Release;
		};
		55AAF3EC1BD1FCF400DE5E32 /* Debug */ = {
			isa = XCBuildConfiguration;
			buildSettings = {
				BUNDLE_LOADER = "$(TEST_HOST)";
				INFOPLIST_FILE = TimeListenerDEMOTests/Info.plist;
				LD_RUNPATH_SEARCH_PATHS = "$(inherited) @executable_path/Frameworks @loader_path/Frameworks";
				PRODUCT_BUNDLE_IDENTIFIER = com.canapio.TimeListenerDEMOTests;
				PRODUCT_NAME = "$(TARGET_NAME)";
				TEST_HOST = "$(BUILT_PRODUCTS_DIR)/TimeListenerDEMO.app/TimeListenerDEMO";
			};
			name = Debug;
		};
		55AAF3ED1BD1FCF400DE5E32 /* Release */ = {
			isa = XCBuildConfiguration;
			buildSettings = {
				BUNDLE_LOADER = "$(TEST_HOST)";
				INFOPLIST_FILE = TimeListenerDEMOTests/Info.plist;
				LD_RUNPATH_SEARCH_PATHS = "$(inherited) @executable_path/Frameworks @loader_path/Frameworks";
				PRODUCT_BUNDLE_IDENTIFIER = com.canapio.TimeListenerDEMOTests;
				PRODUCT_NAME = "$(TARGET_NAME)";
				TEST_HOST = "$(BUILT_PRODUCTS_DIR)/TimeListenerDEMO.app/TimeListenerDEMO";
			};
			name = Release;
		};
		55AAF3EF1BD1FCF400DE5E32 /* Debug */ = {
			isa = XCBuildConfiguration;
			buildSettings = {
				INFOPLIST_FILE = TimeListenerDEMOUITests/Info.plist;
				LD_RUNPATH_SEARCH_PATHS = "$(inherited) @executable_path/Frameworks @loader_path/Frameworks";
				PRODUCT_BUNDLE_IDENTIFIER = com.canapio.TimeListenerDEMOUITests;
				PRODUCT_NAME = "$(TARGET_NAME)";
				TEST_TARGET_NAME = TimeListenerDEMO;
				USES_XCTRUNNER = YES;
			};
			name = Debug;
		};
		55AAF3F01BD1FCF400DE5E32 /* Release */ = {
			isa = XCBuildConfiguration;
			buildSettings = {
				INFOPLIST_FILE = TimeListenerDEMOUITests/Info.plist;
				LD_RUNPATH_SEARCH_PATHS = "$(inherited) @executable_path/Frameworks @loader_path/Frameworks";
				PRODUCT_BUNDLE_IDENTIFIER = com.canapio.TimeListenerDEMOUITests;
				PRODUCT_NAME = "$(TARGET_NAME)";
				TEST_TARGET_NAME = TimeListenerDEMO;
				USES_XCTRUNNER = YES;
			};
			name = Release;
		};
/* End XCBuildConfiguration section */

/* Begin XCConfigurationList section */
		55AAF3B61BD1FCF400DE5E32 /* Build configuration list for PBXProject "TimeListenerDEMO" */ = {
			isa = XCConfigurationList;
			buildConfigurations = (
				55AAF3E61BD1FCF400DE5E32 /* Debug */,
				55AAF3E71BD1FCF400DE5E32 /* Release */,
			);
			defaultConfigurationIsVisible = 0;
			defaultConfigurationName = Release;
		};
		55AAF3E81BD1FCF400DE5E32 /* Build configuration list for PBXNativeTarget "TimeListenerDEMO" */ = {
			isa = XCConfigurationList;
			buildConfigurations = (
				55AAF3E91BD1FCF400DE5E32 /* Debug */,
				55AAF3EA1BD1FCF400DE5E32 /* Release */,
			);
			defaultConfigurationIsVisible = 0;
		};
		55AAF3EB1BD1FCF400DE5E32 /* Build configuration list for PBXNativeTarget "TimeListenerDEMOTests" */ = {
			isa = XCConfigurationList;
			buildConfigurations = (
				55AAF3EC1BD1FCF400DE5E32 /* Debug */,
				55AAF3ED1BD1FCF400DE5E32 /* Release */,
			);
			defaultConfigurationIsVisible = 0;
		};
		55AAF3EE1BD1FCF400DE5E32 /* Build configuration list for PBXNativeTarget "TimeListenerDEMOUITests" */ = {
			isa = XCConfigurationList;
			buildConfigurations = (
				55AAF3EF1BD1FCF400DE5E32 /* Debug */,
				55AAF3F01BD1FCF400DE5E32 /* Release */,
			);
			defaultConfigurationIsVisible = 0;
		};
/* End XCConfigurationList section */
	};
	rootObject = 55AAF3B31BD1FCF400DE5E32 /* Project object */;
}
